
Microsoft Visual Studio Solution File, Format Version 12.00
# Visual Studio Version 16
VisualStudioVersion = 16.0.29709.97
MinimumVisualStudioVersion = 10.0.40219.1
Project("{FAE04EC0-301F-11D3-BF4B-00C04F79EFBC}") = "UnlockWritePatcher", "UnlockWritePatcher.csproj", "{2583BD00-A4C2-47DF-A7DB-6CD0DA143BF9}"
EndProject
Global
	GlobalSection(SolutionConfigurationPlatforms) = preSolution
		Debug|Any CPU = Debug|Any CPU
		Release|Any CPU = Release|Any CPU
	EndGlobalSection
	GlobalSection(ProjectConfigurationPlatforms) = postSolution
		{2583BD00-A4C2-47DF-A7DB-6CD0DA143BF9}.Debug|Any CPU.ActiveCfg = Debug|Any CPU
		{2583BD00-A4C2-47DF-A7DB-6CD0DA143BF9}.Debug|Any CPU.Build.0 = Debug|Any CPU
		{2583BD00-A4C2-47DF-A7DB-6CD0DA143BF9}.Release|Any CPU.ActiveCfg = Release|Any CPU
		{2583BD00-A4C2-47DF-A7DB-6CD0DA143BF9}.Release|Any CPU.Build.0 = Release|Any CPU
	EndGlobalSection
	GlobalSection(SolutionProperties) = preSolution
		HideSolutionNode = FALSE
	EndGlobalSection
	GlobalSection(ExtensibilityGlobals) = postSolution
		SolutionGuid = {0088CC65-E22F-4B24-8156-8A8BFC4109EF}
	EndGlobalSection
EndGlobal
